
Microsoft Visual Studio Solution File, Format Version 12.00
# Visual Studio 15
VisualStudioVersion = 15.0.27703.2035
MinimumVisualStudioVersion = 10.0.40219.1
Project("{FAE04EC0-301F-11D3-BF4B-00C04F79EFBC}") = "customeronboard", "customeronboard\customeronboard.csproj", "{11C99544-E34E-4364-B6FA-F153C4C2B07D}"
EndProject
Global
	GlobalSection(SolutionConfigurationPlatforms) = preSolution
		Debug|Any CPU = Debug|Any CPU
		Release|Any CPU = Release|Any CPU
	EndGlobalSection
	GlobalSection(ProjectConfigurationPlatforms) = postSolution
		{11C99544-E34E-4364-B6FA-F153C4C2B07D}.Debug|Any CPU.ActiveCfg = Debug|Any CPU
		{11C99544-E34E-4364-B6FA-F153C4C2B07D}.Debug|Any CPU.Build.0 = Debug|Any CPU
		{11C99544-E34E-4364-B6FA-F153C4C2B07D}.Release|Any CPU.ActiveCfg = Release|Any CPU
		{11C99544-E34E-4364-B6FA-F153C4C2B07D}.Release|Any CPU.Build.0 = Release|Any CPU
	EndGlobalSection
	GlobalSection(SolutionProperties) = preSolution
		HideSolutionNode = FALSE
	EndGlobalSection
	GlobalSection(ExtensibilityGlobals) = postSolution
		SolutionGuid = {A62BE57C-3746-4580-B7BB-77B1C5063944}
	EndGlobalSection
EndGlobal
